<?xml version="1.0" encoding="utf-8"?>
<Project ToolsVersion="17.0" xmlns="http://schemas.microsoft.com/developer/msbuild/2003">
  <ItemGroup>
    <CustomBuild Include="C:\src\content-assimilation-engine\omni\aws\CMakeFiles\eae975a75daaa70dfd7a19f9c95af0db\NightlyMemoryCheck.rule">
      <Filter>CMake Rules</Filter>
    </CustomBuild>
    <CustomBuild Include="C:\src\content-assimilation-engine\omni\CMakeLists.txt" />
  </ItemGroup>
  <ItemGroup>
    <None Include="C:\src\content-assimilation-engine\omni\aws\CMakeFiles\NightlyMemoryCheck" />
  </ItemGroup>
  <ItemGroup>
    <Filter Include="CMake Rules">
      <UniqueIdentifier>{EB7D0D41-19C4-30DE-A66B-D5CF2D8D6749}</UniqueIdentifier>
    </Filter>
  </ItemGroup>
</Project>
